
Microsoft Visual Studio Solution File, Format Version 12.00
# Visual Studio 15
Project("{FAE04EC0-301F-11D3-BF4B-00C04F79EFBC}") = "GateMe", "GateMe.csproj", "{0F6D90A3-C31F-5EB0-14F9-DAA7C89C9D3F}"
EndProject
Project("{FAE04EC0-301F-11D3-BF4B-00C04F79EFBC}") = "GateMe.Editor", "GateMe.Editor.csproj", "{5205BBE2-4A8C-50E2-BD96-21ED131198E1}"
EndProject
Global
	GlobalSection(SolutionConfigurationPlatforms) = preSolution
		Debug|Any CPU = Debug|Any CPU
		Release|Any CPU = Release|Any CPU
	EndGlobalSection
	GlobalSection(ProjectConfigurationPlatforms) = postSolution
		{0F6D90A3-C31F-5EB0-14F9-DAA7C89C9D3F}.Debug|Any CPU.ActiveCfg = Debug|Any CPU
		{0F6D90A3-C31F-5EB0-14F9-DAA7C89C9D3F}.Debug|Any CPU.Build.0 = Debug|Any CPU
		{0F6D90A3-C31F-5EB0-14F9-DAA7C89C9D3F}.Release|Any CPU.ActiveCfg = Release|Any CPU
		{0F6D90A3-C31F-5EB0-14F9-DAA7C89C9D3F}.Release|Any CPU.Build.0 = Release|Any CPU
		{5205BBE2-4A8C-50E2-BD96-21ED131198E1}.Debug|Any CPU.ActiveCfg = Debug|Any CPU
		{5205BBE2-4A8C-50E2-BD96-21ED131198E1}.Debug|Any CPU.Build.0 = Debug|Any CPU
		{5205BBE2-4A8C-50E2-BD96-21ED131198E1}.Release|Any CPU.ActiveCfg = Release|Any CPU
		{5205BBE2-4A8C-50E2-BD96-21ED131198E1}.Release|Any CPU.Build.0 = Release|Any CPU
	EndGlobalSection
	GlobalSection(SolutionProperties) = preSolution
		HideSolutionNode = FALSE
	EndGlobalSection
EndGlobal
